// !$*UTF8*$!
{
	archiveVersion = 1;
	classes = {
	};
	objectVersion = 50;
	objects = {

/* Begin PBXBuildFile section */
		3779A3A3256C1DEF003CA0BA /* BranchTestApp.swift in Sources */ = {isa = PBXBuildFile; fileRef = 3779A3A2256C1DEF003CA0BA /* BranchTestApp.swift */; };
		3779A3A5256C1DEF003CA0BA /* ContentView.swift in Sources */ = {isa = PBXBuildFile; fileRef = 3779A3A4256C1DEF003CA0BA /* ContentView.swift */; };
		3779A3A7256C1DF2003CA0BA /* Assets.xcassets in Resources */ = {isa = PBXBuildFile; fileRef = 3779A3A6256C1DF2003CA0BA /* Assets.xcassets */; };
		3779A3AA256C1DF2003CA0BA /* Preview Assets.xcassets in Resources */ = {isa = PBXBuildFile; fileRef = 3779A3A9256C1DF2003CA0BA /* Preview Assets.xcassets */; };
		3779A3B5256C1DF3003CA0BA /* BranchTestTests.swift in Sources */ = {isa = PBXBuildFile; fileRef = 3779A3B4256C1DF3003CA0BA /* BranchTestTests.swift */; };
		3779A3C0256C1DF3003CA0BA /* BranchTestUITests.swift in Sources */ = {isa = PBXBuildFile; fileRef = 3779A3BF256C1DF3003CA0BA /* BranchTestUITests.swift */; };
/* End PBXBuildFile section */

/* Begin PBXContainerItemProxy section */
		3779A3B1256C1DF3003CA0BA /* PBXContainerItemProxy */ = {
			isa = PBXContainerItemProxy;
			containerPortal = 3779A397256C1DEF003CA0BA /* Project object */;
			proxyType = 1;
			remoteGlobalIDString = 3779A39E256C1DEF003CA0BA;
			remoteInfo = BranchTest;
		};
		3779A3BC256C1DF3003CA0BA /* PBXContainerItemProxy */ = {
			isa = PBXContainerItemProxy;
			containerPortal = 3779A397256C1DEF003CA0BA /* Project object */;
			proxyType = 1;
			remoteGlobalIDString = 3779A39E256C1DEF003CA0BA;
			remoteInfo = BranchTest;
		};
/* End PBXContainerItemProxy section */

/* Begin PBXFileReference section */
		3779A39F256C1DEF003CA0BA /* BranchTest.app */ = {isa = PBXFileReference; explicitFileType = wrapper.application; includeInIndex = 0; path = BranchTest.app; sourceTree = BUILT_PRODUCTS_DIR; };
		3779A3A2256C1DEF003CA0BA /* BranchTestApp.swift */ = {isa = PBXFileReference; lastKnownFileType = sourcecode.swift; path = BranchTestApp.swift; sourceTree = "<group>"; };
		3779A3A4256C1DEF003CA0BA /* ContentView.swift */ = {isa = PBXFileReference; lastKnownFileType = sourcecode.swift; path = ContentView.swift; sourceTree = "<group>"; };
		3779A3A6256C1DF2003CA0BA /* Assets.xcassets */ = {isa = PBXFileReference; lastKnownFileType = folder.assetcatalog; path = Assets.xcassets; sourceTree = "<group>"; };
		3779A3A9256C1DF2003CA0BA /* Preview Assets.xcassets */ = {isa = PBXFileReference; lastKnownFileType = folder.assetcatalog; path = "Preview Assets.xcassets"; sourceTree = "<group>"; };
		3779A3AB256C1DF2003CA0BA /* Info.plist */ = {isa = PBXFileReference; lastKnownFileType = text.plist.xml; path = Info.plist; sourceTree = "<group>"; };
		3779A3B0256C1DF3003CA0BA /* BranchTestTests.xctest */ = {isa = PBXFileReference; explicitFileType = wrapper.cfbundle; includeInIndex = 0; path = BranchTestTests.xctest; sourceTree = BUILT_PRODUCTS_DIR; };
		3779A3B4256C1DF3003CA0BA /* BranchTestTests.swift */ = {isa = PBXFileReference; lastKnownFileType = sourcecode.swift; path = BranchTestTests.swift; sourceTree = "<group>"; };
		3779A3B6256C1DF3003CA0BA /* Info.plist */ = {isa = PBXFileReference; lastKnownFileType = text.plist.xml; path = Info.plist; sourceTree = "<group>"; };
		3779A3BB256C1DF3003CA0BA /* BranchTestUITests.xctest */ = {isa = PBXFileReference; explicitFileType = wrapper.cfbundle; includeInIndex = 0; path = BranchTestUITests.xctest; sourceTree = BUILT_PRODUCTS_DIR; };
		3779A3BF256C1DF3003CA0BA /* BranchTestUITests.swift */ = {isa = PBXFileReference; lastKnownFileType = sourcecode.swift; path = BranchTestUITests.swift; sourceTree = "<group>"; };
		3779A3C1256C1DF3003CA0BA /* Info.plist */ = {isa = PBXFileReference; lastKnownFileType = text.plist.xml; path = Info.plist; sourceTree = "<group>"; };
/* End PBXFileReference section */

/* Begin PBXFrameworksBuildPhase section */
		3779A39C256C1DEF003CA0BA /* Frameworks */ = {
			isa = PBXFrameworksBuildPhase;
			buildActionMask = 2147483647;
			files = (
			);
			runOnlyForDeploymentPostprocessing = 0;
		};
		3779A3AD256C1DF3003CA0BA /* Frameworks */ = {
			isa = PBXFrameworksBuildPhase;
			buildActionMask = 2147483647;
			files = (
			);
			runOnlyForDeploymentPostprocessing = 0;
		};
		3779A3B8256C1DF3003CA0BA /* Frameworks */ = {
			isa = PBXFrameworksBuildPhase;
			buildActionMask = 2147483647;
			files = (
			);
			runOnlyForDeploymentPostprocessing = 0;
		};
/* End PBXFrameworksBuildPhase section */

/* Begin PBXGroup section */
		3779A396256C1DEF003CA0BA = {
			isa = PBXGroup;
			children = (
				3779A3A1256C1DEF003CA0BA /* BranchTest */,
				3779A3B3256C1DF3003CA0BA /* BranchTestTests */,
				3779A3BE256C1DF3003CA0BA /* BranchTestUITests */,
				3779A3A0256C1DEF003CA0BA /* Products */,
			);
			sourceTree = "<group>";
		};
		3779A3A0256C1DEF003CA0BA /* Products */ = {
			isa = PBXGroup;
			children = (
				3779A39F256C1DEF003CA0BA /* BranchTest.app */,
				3779A3B0256C1DF3003CA0BA /* BranchTestTests.xctest */,
				3779A3BB256C1DF3003CA0BA /* BranchTestUITests.xctest */,
			);
			name = Products;
			sourceTree = "<group>";
		};
		3779A3A1256C1DEF003CA0BA /* BranchTest */ = {
			isa = PBXGroup;
			children = (
				3779A3A2256C1DEF003CA0BA /* BranchTestApp.swift */,
				3779A3A4256C1DEF003CA0BA /* ContentView.swift */,
				3779A3A6256C1DF2003CA0BA /* Assets.xcassets */,
				3779A3AB256C1DF2003CA0BA /* Info.plist */,
				3779A3A8256C1DF2003CA0BA /* Preview Content */,
			);
			path = BranchTest;
			sourceTree = "<group>";
		};
		3779A3A8256C1DF2003CA0BA /* Preview Content */ = {
			isa = PBXGroup;
			children = (
				3779A3A9256C1DF2003CA0BA /* Preview Assets.xcassets */,
			);
			path = "Preview Content";
			sourceTree = "<group>";
		};
		3779A3B3256C1DF3003CA0BA /* BranchTestTests */ = {
			isa = PBXGroup;
			children = (
				3779A3B4256C1DF3003CA0BA /* BranchTestTests.swift */,
				3779A3B6256C1DF3003CA0BA /* Info.plist */,
			);
			path = BranchTestTests;
			sourceTree = "<group>";
		};
		3779A3BE256C1DF3003CA0BA /* BranchTestUITests */ = {
			isa = PBXGroup;
			children = (
				3779A3BF256C1DF3003CA0BA /* BranchTestUITests.swift */,
				3779A3C1256C1DF3003CA0BA /* Info.plist */,
			);
			path = BranchTestUITests;
			sourceTree = "<group>";
		};
/* End PBXGroup section */

/* Begin PBXNativeTarget section */
		3779A39E256C1DEF003CA0BA /* BranchTest */ = {
			isa = PBXNativeTarget;
			buildConfigurationList = 3779A3C4256C1DF3003CA0BA /* Build configuration list for PBXNativeTarget "BranchTest" */;
			buildPhases = (
				3779A39B256C1DEF003CA0BA /* Sources */,
				3779A39C256C1DEF003CA0BA /* Frameworks */,
				3779A39D256C1DEF003CA0BA /* Resources */,
			);
			buildRules = (
			);
			dependencies = (
			);
			name = BranchTest;
			productName = BranchTest;
			productReference = 3779A39F256C1DEF003CA0BA /* BranchTest.app */;
			productType = "com.apple.product-type.application";
		};
		3779A3AF256C1DF3003CA0BA /* BranchTestTests */ = {
			isa = PBXNativeTarget;
			buildConfigurationList = 3779A3C7256C1DF3003CA0BA /* Build configuration list for PBXNativeTarget "BranchTestTests" */;
			buildPhases = (
				3779A3AC256C1DF3003CA0BA /* Sources */,
				3779A3AD256C1DF3003CA0BA /* Frameworks */,
				3779A3AE256C1DF3003CA0BA /* Resources */,
			);
			buildRules = (
			);
			dependencies = (
				3779A3B2256C1DF3003CA0BA /* PBXTargetDependency */,
			);
			name = BranchTestTests;
			productName = BranchTestTests;
			productReference = 3779A3B0256C1DF3003CA0BA /* BranchTestTests.xctest */;
			productType = "com.apple.product-type.bundle.unit-test";
		};
		3779A3BA256C1DF3003CA0BA /* BranchTestUITests */ = {
			isa = PBXNativeTarget;
			buildConfigurationList = 3779A3CA256C1DF3003CA0BA /* Build configuration list for PBXNativeTarget "BranchTestUITests" */;
			buildPhases = (
				3779A3B7256C1DF3003CA0BA /* Sources */,
				3779A3B8256C1DF3003CA0BA /* Frameworks */,
				3779A3B9256C1DF3003CA0BA /* Resources */,
			);
			buildRules = (
			);
			dependencies = (
				3779A3BD256C1DF3003CA0BA /* PBXTargetDependency */,
			);
			name = BranchTestUITests;
			productName = BranchTestUITests;
			productReference = 3779A3BB256C1DF3003CA0BA /* BranchTestUITests.xctest */;
			productType = "com.apple.product-type.bundle.ui-testing";
		};
/* End PBXNativeTarget section */

/* Begin PBXProject section */
		3779A397256C1DEF003CA0BA /* Project object */ = {
			isa = PBXProject;
			attributes = {
				LastSwiftUpdateCheck = 1200;
				LastUpgradeCheck = 1200;
				TargetAttributes = {
					3779A39E256C1DEF003CA0BA = {
						CreatedOnToolsVersion = 12.0;
					};
					3779A3AF256C1DF3003CA0BA = {
						CreatedOnToolsVersion = 12.0;
						TestTargetID = 3779A39E256C1DEF003CA0BA;
					};
					3779A3BA256C1DF3003CA0BA = {
						CreatedOnToolsVersion = 12.0;
						TestTargetID = 3779A39E256C1DEF003CA0BA;
					};
				};
			};
			buildConfigurationList = 3779A39A256C1DEF003CA0BA /* Build configuration list for PBXProject "BranchTest" */;
			compatibilityVersion = "Xcode 9.3";
			developmentRegion = en;
			hasScannedForEncodings = 0;
			knownRegions = (
				en,
				Base,
			);
			mainGroup = 3779A396256C1DEF003CA0BA;
			productRefGroup = 3779A3A0256C1DEF003CA0BA /* Products */;
			projectDirPath = "";
			projectRoot = "";
			targets = (
				3779A39E256C1DEF003CA0BA /* BranchTest */,
				3779A3AF256C1DF3003CA0BA /* BranchTestTests */,
				3779A3BA256C1DF3003CA0BA /* BranchTestUITests */,
			);
		};
/* End PBXProject section */

/* Begin PBXResourcesBuildPhase section */
		3779A39D256C1DEF003CA0BA /* Resources */ = {
			isa = PBXResourcesBuildPhase;
			buildActionMask = 2147483647;
			files = (
				3779A3AA256C1DF2003CA0BA /* Preview Assets.xcassets in Resources */,
				3779A3A7256C1DF2003CA0BA /* Assets.xcassets in Resources */,
			);
			runOnlyForDeploymentPostprocessing = 0;
		};
		3779A3AE256C1DF3003CA0BA /* Resources */ = {
			isa = PBXResourcesBuildPhase;
			buildActionMask = 2147483647;
			files = (
			);
			runOnlyForDeploymentPostprocessing = 0;
		};
		3779A3B9256C1DF3003CA0BA /* Resources */ = {
			isa = PBXResourcesBuildPhase;
			buildActionMask = 2147483647;
			files = (
			);
			runOnlyForDeploymentPostprocessing = 0;
		};
/* End PBXResourcesBuildPhase section */

/* Begin PBXSourcesBuildPhase section */
		3779A39B256C1DEF003CA0BA /* Sources */ = {
			isa = PBXSourcesBuildPhase;
			buildActionMask = 2147483647;
			files = (
				3779A3A5256C1DEF003CA0BA /* ContentView.swift in Sources */,
				3779A3A3256C1DEF003CA0BA /* BranchTestApp.swift in Sources */,
			);
			runOnlyForDeploymentPostprocessing = 0;
		};
		3779A3AC256C1DF3003CA0BA /* Sources */ = {
			isa = PBXSourcesBuildPhase;
			buildActionMask = 2147483647;
			files = (
				3779A3B5256C1DF3003CA0BA /* BranchTestTests.swift in Sources */,
			);
			runOnlyForDeploymentPostprocessing = 0;
		};
		3779A3B7256C1DF3003CA0BA /* Sources */ = {
			isa = PBXSourcesBuildPhase;
			buildActionMask = 2147483647;
			files = (
				3779A3C0256C1DF3003CA0BA /* BranchTestUITests.swift in Sources */,
			);
			runOnlyForDeploymentPostprocessing = 0;
		};
/* End PBXSourcesBuildPhase section */

/* Begin PBXTargetDependency section */
		3779A3B2256C1DF3003CA0BA /* PBXTargetDependency */ = {
			isa = PBXTargetDependency;
			target = 3779A39E256C1DEF003CA0BA /* BranchTest */;
			targetProxy = 3779A3B1256C1DF3003CA0BA /* PBXContainerItemProxy */;
		};
		3779A3BD256C1DF3003CA0BA /* PBXTargetDependency */ = {
			isa = PBXTargetDependency;
			target = 3779A39E256C1DEF003CA0BA /* BranchTest */;
			targetProxy = 3779A3BC256C1DF3003CA0BA /* PBXContainerItemProxy */;
		};
/* End PBXTargetDependency section */

/* Begin XCBuildConfiguration section */
		3779A3C2256C1DF3003CA0BA /* Debug */ = {
			isa = XCBuildConfiguration;
			buildSettings = {
				ALWAYS_SEARCH_USER_PATHS = NO;
				CLANG_ANALYZER_NONNULL = YES;
				CLANG_ANALYZER_NUMBER_OBJECT_CONVERSION = YES_AGGRESSIVE;
				CLANG_CXX_LANGUAGE_STANDARD = "gnu++14";
				CLANG_CXX_LIBRARY = "libc++";
				CLANG_ENABLE_MODULES = YES;
				CLANG_ENABLE_OBJC_ARC = YES;
				CLANG_ENABLE_OBJC_WEAK = YES;
				CLANG_WARN_BLOCK_CAPTURE_AUTORELEASING = YES;
				CLANG_WARN_BOOL_CONVERSION = YES;
				CLANG_WARN_COMMA = YES;
				CLANG_WARN_CONSTANT_CONVERSION = YES;
				CLANG_WARN_DEPRECATED_OBJC_IMPLEMENTATIONS = YES;
				CLANG_WARN_DIRECT_OBJC_ISA_USAGE = YES_ERROR;
				CLANG_WARN_DOCUMENTATION_COMMENTS = YES;
				CLANG_WARN_EMPTY_BODY = YES;
				CLANG_WARN_ENUM_CONVERSION = YES;
				CLANG_WARN_INFINITE_RECURSION = YES;
				CLANG_WARN_INT_CONVERSION = YES;
				CLANG_WARN_NON_LITERAL_NULL_CONVERSION = YES;
				CLANG_WARN_OBJC_IMPLICIT_RETAIN_SELF = YES;
				CLANG_WARN_OBJC_LITERAL_CONVERSION = YES;
				CLANG_WARN_OBJC_ROOT_CLASS = YES_ERROR;
				CLANG_WARN_QUOTED_INCLUDE_IN_FRAMEWORK_HEADER = YES;
				CLANG_WARN_RANGE_LOOP_ANALYSIS = YES;
				CLANG_WARN_STRICT_PROTOTYPES = YES;
				CLANG_WARN_SUSPICIOUS_MOVE = YES;
				CLANG_WARN_UNGUARDED_AVAILABILITY = YES_AGGRESSIVE;
				CLANG_WARN_UNREACHABLE_CODE = YES;
				CLANG_WARN__DUPLICATE_METHOD_MATCH = YES;
				COPY_PHASE_STRIP = NO;
				DEBUG_INFORMATION_FORMAT = dwarf;
				ENABLE_STRICT_OBJC_MSGSEND = YES;
				ENABLE_TESTABILITY = YES;
				GCC_C_LANGUAGE_STANDARD = gnu11;
				GCC_DYNAMIC_NO_PIC = NO;
				GCC_NO_COMMON_BLOCKS = YES;
				GCC_OPTIMIZATION_LEVEL = 0;
				GCC_PREPROCESSOR_DEFINITIONS = (
					"DEBUG=1",
					"$(inherited)",
				);
				GCC_WARN_64_TO_32_BIT_CONVERSION = YES;
				GCC_WARN_ABOUT_RETURN_TYPE = YES_ERROR;
				GCC_WARN_UNDECLARED_SELECTOR = YES;
				GCC_WARN_UNINITIALIZED_AUTOS = YES_AGGRESSIVE;
				GCC_WARN_UNUSED_FUNCTION = YES;
				GCC_WARN_UNUSED_VARIABLE = YES;
				IPHONEOS_DEPLOYMENT_TARGET = 14.0;
				MTL_ENABLE_DEBUG_INFO = INCLUDE_SOURCE;
				MTL_FAST_MATH = YES;
				ONLY_ACTIVE_ARCH = YES;
				SDKROOT = iphoneos;
				SWIFT_ACTIVE_COMPILATION_CONDITIONS = DEBUG;
				SWIFT_OPTIMIZATION_LEVEL = "-Onone";
			};
			name = Debug;
		};
		3779A3C3256C1DF3003CA0BA /* Release */ = {
			isa = XCBuildConfiguration;
			buildSettings = {
				ALWAYS_SEARCH_USER_PATHS = NO;
				CLANG_ANALYZER_NONNULL = YES;
				CLANG_ANALYZER_NUMBER_OBJECT_CONVERSION = YES_AGGRESSIVE;
				CLANG_CXX_LANGUAGE_STANDARD = "gnu++14";
				CLANG_CXX_LIBRARY = "libc++";
				CLANG_ENABLE_MODULES = YES;
				CLANG_ENABLE_OBJC_ARC = YES;
				CLANG_ENABLE_OBJC_WEAK = YES;
				CLANG_WARN_BLOCK_CAPTURE_AUTORELEASING = YES;
				CLANG_WARN_BOOL_CONVERSION = YES;
				CLANG_WARN_COMMA = YES;
				CLANG_WARN_CONSTANT_CONVERSION = YES;
				CLANG_WARN_DEPRECATED_OBJC_IMPLEMENTATIONS = YES;
				CLANG_WARN_DIRECT_OBJC_ISA_USAGE = YES_ERROR;
				CLANG_WARN_DOCUMENTATION_COMMENTS = YES;
				CLANG_WARN_EMPTY_BODY = YES;
				CLANG_WARN_ENUM_CONVERSION = YES;
				CLANG_WARN_INFINITE_RECURSION = YES;
				CLANG_WARN_INT_CONVERSION = YES;
				CLANG_WARN_NON_LITERAL_NULL_CONVERSION = YES;
				CLANG_WARN_OBJC_IMPLICIT_RETAIN_SELF = YES;
				CLANG_WARN_OBJC_LITERAL_CONVERSION = YES;
				CLANG_WARN_OBJC_ROOT_CLASS = YES_ERROR;
				CLANG_WARN_QUOTED_INCLUDE_IN_FRAMEWORK_HEADER = YES;
				CLANG_WARN_RANGE_LOOP_ANALYSIS = YES;
				CLANG_WARN_STRICT_PROTOTYPES = YES;
				CLANG_WARN_SUSPICIOUS_MOVE = YES;
				CLANG_WARN_UNGUARDED_AVAILABILITY = YES_AGGRESSIVE;
				CLANG_WARN_UNREACHABLE_CODE = YES;
				CLANG_WARN__DUPLICATE_METHOD_MATCH = YES;
				COPY_PHASE_STRIP = NO;
				DEBUG_INFORMATION_FORMAT = "dwarf-with-dsym";
				ENABLE_NS_ASSERTIONS = NO;
				ENABLE_STRICT_OBJC_MSGSEND = YES;
				GCC_C_LANGUAGE_STANDARD = gnu11;
				GCC_NO_COMMON_BLOCKS = YES;
				GCC_WARN_64_TO_32_BIT_CONVERSION = YES;
				GCC_WARN_ABOUT_RETURN_TYPE = YES_ERROR;
				GCC_WARN_UNDECLARED_SELECTOR = YES;
				GCC_WARN_UNINITIALIZED_AUTOS = YES_AGGRESSIVE;
				GCC_WARN_UNUSED_FUNCTION = YES;
				GCC_WARN_UNUSED_VARIABLE = YES;
				IPHONEOS_DEPLOYMENT_TARGET = 14.0;
				MTL_ENABLE_DEBUG_INFO = NO;
				MTL_FAST_MATH = YES;
				SDKROOT = iphoneos;
				SWIFT_COMPILATION_MODE = wholemodule;
				SWIFT_OPTIMIZATION_LEVEL = "-O";
				VALIDATE_PRODUCT = YES;
			};
			name = Release;
		};
		3779A3C5256C1DF3003CA0BA /* Debug */ = {
			isa = XCBuildConfiguration;
			buildSettings = {
				ASSETCATALOG_COMPILER_APPICON_NAME = AppIcon;
				ASSETCATALOG_COMPILER_GLOBAL_ACCENT_COLOR_NAME = AccentColor;
				CODE_SIGN_STYLE = Automatic;
				DEVELOPMENT_ASSET_PATHS = "\"BranchTest/Preview Content\"";
				ENABLE_PREVIEWS = YES;
				INFOPLIST_FILE = BranchTest/Info.plist;
				IPHONEOS_DEPLOYMENT_TARGET = 14.0;
				LD_RUNPATH_SEARCH_PATHS = (
					"$(inherited)",
					"@executable_path/Frameworks",
				);
				PRODUCT_BUNDLE_IDENTIFIER = abhaySwag.BranchTest;
				PRODUCT_NAME = "$(TARGET_NAME)";
				SWIFT_VERSION = 5.0;
				TARGETED_DEVICE_FAMILY = "1,2";
			};
			name = Debug;
		};
		3779A3C6256C1DF3003CA0BA /* Release */ = {
			isa = XCBuildConfiguration;
			buildSettings = {
				ASSETCATALOG_COMPILER_APPICON_NAME = AppIcon;
				ASSETCATALOG_COMPILER_GLOBAL_ACCENT_COLOR_NAME = AccentColor;
				CODE_SIGN_STYLE = Automatic;
				DEVELOPMENT_ASSET_PATHS = "\"BranchTest/Preview Content\"";
				ENABLE_PREVIEWS = YES;
				INFOPLIST_FILE = BranchTest/Info.plist;
				IPHONEOS_DEPLOYMENT_TARGET = 14.0;
				LD_RUNPATH_SEARCH_PATHS = (
					"$(inherited)",
					"@executable_path/Frameworks",
				);
				PRODUCT_BUNDLE_IDENTIFIER = abhaySwag.BranchTest;
				PRODUCT_NAME = "$(TARGET_NAME)";
				SWIFT_VERSION = 5.0;
				TARGETED_DEVICE_FAMILY = "1,2";
			};
			name = Release;
		};
		3779A3C8256C1DF3003CA0BA /* Debug */ = {
			isa = XCBuildConfiguration;
			buildSettings = {
				ALWAYS_EMBED_SWIFT_STANDARD_LIBRARIES = YES;
				BUNDLE_LOADER = "$(TEST_HOST)";
				CODE_SIGN_STYLE = Automatic;
				INFOPLIST_FILE = BranchTestTests/Info.plist;
				IPHONEOS_DEPLOYMENT_TARGET = 14.0;
				LD_RUNPATH_SEARCH_PATHS = (
					"$(inherited)",
					"@executable_path/Frameworks",
					"@loader_path/Frameworks",
				);
				PRODUCT_BUNDLE_IDENTIFIER = abhaySwag.BranchTestTests;
				PRODUCT_NAME = "$(TARGET_NAME)";
				SWIFT_VERSION = 5.0;
				TARGETED_DEVICE_FAMILY = "1,2";
				TEST_HOST = "$(BUILT_PRODUCTS_DIR)/BranchTest.app/BranchTest";
			};
			name = Debug;
		};
		3779A3C9256C1DF3003CA0BA /* Release */ = {
			isa = XCBuildConfiguration;
			buildSettings = {
				ALWAYS_EMBED_SWIFT_STANDARD_LIBRARIES = YES;
				BUNDLE_LOADER = "$(TEST_HOST)";
				CODE_SIGN_STYLE = Automatic;
				INFOPLIST_FILE = BranchTestTests/Info.plist;
				IPHONEOS_DEPLOYMENT_TARGET = 14.0;
				LD_RUNPATH_SEARCH_PATHS = (
					"$(inherited)",
					"@executable_path/Frameworks",
					"@loader_path/Frameworks",
				);
				PRODUCT_BUNDLE_IDENTIFIER = abhaySwag.BranchTestTests;
				PRODUCT_NAME = "$(TARGET_NAME)";
				SWIFT_VERSION = 5.0;
				TARGETED_DEVICE_FAMILY = "1,2";
				TEST_HOST = "$(BUILT_PRODUCTS_DIR)/BranchTest.app/BranchTest";
			};
			name = Release;
		};
		3779A3CB256C1DF3003CA0BA /* Debug */ = {
			isa = XCBuildConfiguration;
			buildSettings = {
				ALWAYS_EMBED_SWIFT_STANDARD_LIBRARIES = YES;
				CODE_SIGN_STYLE = Automatic;
				INFOPLIST_FILE = BranchTestUITests/Info.plist;
				LD_RUNPATH_SEARCH_PATHS = (
					"$(inherited)",
					"@executable_path/Frameworks",
					"@loader_path/Frameworks",
				);
				PRODUCT_BUNDLE_IDENTIFIER = abhaySwag.BranchTestUITests;
				PRODUCT_NAME = "$(TARGET_NAME)";
				SWIFT_VERSION = 5.0;
				TARGETED_DEVICE_FAMILY = "1,2";
				TEST_TARGET_NAME = BranchTest;
			};
			name = Debug;
		};
		3779A3CC256C1DF3003CA0BA /* Release */ = {
			isa = XCBuildConfiguration;
			buildSettings = {
				ALWAYS_EMBED_SWIFT_STANDARD_LIBRARIES = YES;
				CODE_SIGN_STYLE = Automatic;
				INFOPLIST_FILE = BranchTestUITests/Info.plist;
				LD_RUNPATH_SEARCH_PATHS = (
					"$(inherited)",
					"@executable_path/Frameworks",
					"@loader_path/Frameworks",
				);
				PRODUCT_BUNDLE_IDENTIFIER = abhaySwag.BranchTestUITests;
				PRODUCT_NAME = "$(TARGET_NAME)";
				SWIFT_VERSION = 5.0;
				TARGETED_DEVICE_FAMILY = "1,2";
				TEST_TARGET_NAME = BranchTest;
			};
			name = Release;
		};
/* End XCBuildConfiguration section */

/* Begin XCConfigurationList section */
		3779A39A256C1DEF003CA0BA /* Build configuration list for PBXProject "BranchTest" */ = {
			isa = XCConfigurationList;
			buildConfigurations = (
				3779A3C2256C1DF3003CA0BA /* Debug */,
				3779A3C3256C1DF3003CA0BA /* Release */,
			);
			defaultConfigurationIsVisible = 0;
			defaultConfigurationName = Release;
		};
		3779A3C4256C1DF3003CA0BA /* Build configuration list for PBXNativeTarget "BranchTest" */ = {
			isa = XCConfigurationList;
			buildConfigurations = (
				3779A3C5256C1DF3003CA0BA /* Debug */,
				3779A3C6256C1DF3003CA0BA /* Release */,
			);
			defaultConfigurationIsVisible = 0;
			defaultConfigurationName = Release;
		};
		3779A3C7256C1DF3003CA0BA /* Build configuration list for PBXNativeTarget "BranchTestTests" */ = {
			isa = XCConfigurationList;
			buildConfigurations = (
				3779A3C8256C1DF3003CA0BA /* Debug */,
				3779A3C9256C1DF3003CA0BA /* Release */,
			);
			defaultConfigurationIsVisible = 0;
			defaultConfigurationName = Release;
		};
		3779A3CA256C1DF3003CA0BA /* Build configuration list for PBXNativeTarget "BranchTestUITests" */ = {
			isa = XCConfigurationList;
			buildConfigurations = (
				3779A3CB256C1DF3003CA0BA /* Debug */,
				3779A3CC256C1DF3003CA0BA /* Release */,
			);
			defaultConfigurationIsVisible = 0;
			defaultConfigurationName = Release;
		};
/* End XCConfigurationList section */
	};
	rootObject = 3779A397256C1DEF003CA0BA /* Project object */;
}
